
Microsoft Visual Studio Solution File, Format Version 12.00
# Visual Studio 15
Project("{FAE04EC0-301F-11D3-BF4B-00C04F79EFBC}") = "Assembly-CSharp", "Assembly-CSharp.csproj", "{8EFBBF8A-D6BD-0026-608F-1DE1123D6B9E}"
EndProject
Project("{FAE04EC0-301F-11D3-BF4B-00C04F79EFBC}") = "Assembly-CSharp-firstpass", "Assembly-CSharp-firstpass.csproj", "{08E5EDB2-FB10-2024-7143-086292E66F1B}"
EndProject
Project("{FAE04EC0-301F-11D3-BF4B-00C04F79EFBC}") = "RenderHeads.AVProMovieCapture.Runtime", "RenderHeads.AVProMovieCapture.Runtime.csproj", "{F03D7802-023D-96FD-CE67-791B2AFC518E}"
EndProject
Project("{FAE04EC0-301F-11D3-BF4B-00C04F79EFBC}") = "RenderHeads.AVProMovieCapture.Demos", "RenderHeads.AVProMovieCapture.Demos.csproj", "{727FF832-ABE5-3906-4F9D-C142875FF7C4}"
EndProject
Project("{FAE04EC0-301F-11D3-BF4B-00C04F79EFBC}") = "Assembly-CSharp-Editor", "Assembly-CSharp-Editor.csproj", "{760442D1-1B69-93B1-FCAA-E9262DB6D2C8}"
EndProject
Project("{FAE04EC0-301F-11D3-BF4B-00C04F79EFBC}") = "RenderHeads.AVProMovieCapture.Editor", "RenderHeads.AVProMovieCapture.Editor.csproj", "{BC42C7DA-00CD-F608-B1F3-35696852698D}"
EndProject
Project("{FAE04EC0-301F-11D3-BF4B-00C04F79EFBC}") = "Assembly-CSharp-Editor-firstpass", "Assembly-CSharp-Editor-firstpass.csproj", "{20912945-24E1-2205-B9DF-7A12994CD231}"
EndProject
Global
	GlobalSection(SolutionConfigurationPlatforms) = preSolution
		Debug|Any CPU = Debug|Any CPU
		Release|Any CPU = Release|Any CPU
	EndGlobalSection
	GlobalSection(ProjectConfigurationPlatforms) = postSolution
		{8EFBBF8A-D6BD-0026-608F-1DE1123D6B9E}.Debug|Any CPU.ActiveCfg = Debug|Any CPU
		{8EFBBF8A-D6BD-0026-608F-1DE1123D6B9E}.Debug|Any CPU.Build.0 = Debug|Any CPU
		{8EFBBF8A-D6BD-0026-608F-1DE1123D6B9E}.Release|Any CPU.ActiveCfg = Release|Any CPU
		{8EFBBF8A-D6BD-0026-608F-1DE1123D6B9E}.Release|Any CPU.Build.0 = Release|Any CPU
		{08E5EDB2-FB10-2024-7143-086292E66F1B}.Debug|Any CPU.ActiveCfg = Debug|Any CPU
		{08E5EDB2-FB10-2024-7143-086292E66F1B}.Debug|Any CPU.Build.0 = Debug|Any CPU
		{08E5EDB2-FB10-2024-7143-086292E66F1B}.Release|Any CPU.ActiveCfg = Release|Any CPU
		{08E5EDB2-FB10-2024-7143-086292E66F1B}.Release|Any CPU.Build.0 = Release|Any CPU
		{F03D7802-023D-96FD-CE67-791B2AFC518E}.Debug|Any CPU.ActiveCfg = Debug|Any CPU
		{F03D7802-023D-96FD-CE67-791B2AFC518E}.Debug|Any CPU.Build.0 = Debug|Any CPU
		{F03D7802-023D-96FD-CE67-791B2AFC518E}.Release|Any CPU.ActiveCfg = Release|Any CPU
		{F03D7802-023D-96FD-CE67-791B2AFC518E}.Release|Any CPU.Build.0 = Release|Any CPU
		{727FF832-ABE5-3906-4F9D-C142875FF7C4}.Debug|Any CPU.ActiveCfg = Debug|Any CPU
		{727FF832-ABE5-3906-4F9D-C142875FF7C4}.Debug|Any CPU.Build.0 = Debug|Any CPU
		{727FF832-ABE5-3906-4F9D-C142875FF7C4}.Release|Any CPU.ActiveCfg = Release|Any CPU
		{727FF832-ABE5-3906-4F9D-C142875FF7C4}.Release|Any CPU.Build.0 = Release|Any CPU
		{760442D1-1B69-93B1-FCAA-E9262DB6D2C8}.Debug|Any CPU.ActiveCfg = Debug|Any CPU
		{760442D1-1B69-93B1-FCAA-E9262DB6D2C8}.Debug|Any CPU.Build.0 = Debug|Any CPU
		{760442D1-1B69-93B1-FCAA-E9262DB6D2C8}.Release|Any CPU.ActiveCfg = Release|Any CPU
		{760442D1-1B69-93B1-FCAA-E9262DB6D2C8}.Release|Any CPU.Build.0 = Release|Any CPU
		{BC42C7DA-00CD-F608-B1F3-35696852698D}.Debug|Any CPU.ActiveCfg = Debug|Any CPU
		{BC42C7DA-00CD-F608-B1F3-35696852698D}.Debug|Any CPU.Build.0 = Debug|Any CPU
		{BC42C7DA-00CD-F608-B1F3-35696852698D}.Release|Any CPU.ActiveCfg = Release|Any CPU
		{BC42C7DA-00CD-F608-B1F3-35696852698D}.Release|Any CPU.Build.0 = Release|Any CPU
		{20912945-24E1-2205-B9DF-7A12994CD231}.Debug|Any CPU.ActiveCfg = Debug|Any CPU
		{20912945-24E1-2205-B9DF-7A12994CD231}.Debug|Any CPU.Build.0 = Debug|Any CPU
		{20912945-24E1-2205-B9DF-7A12994CD231}.Release|Any CPU.ActiveCfg = Release|Any CPU
		{20912945-24E1-2205-B9DF-7A12994CD231}.Release|Any CPU.Build.0 = Release|Any CPU
	EndGlobalSection
	GlobalSection(SolutionProperties) = preSolution
		HideSolutionNode = FALSE
	EndGlobalSection
EndGlobal
